
Microsoft Visual Studio Solution File, Format Version 12.00
# Visual Studio Version 16
VisualStudioVersion = 16.0.32630.194
MinimumVisualStudioVersion = 10.0.40219.1
Project("{FAE04EC0-301F-11D3-BF4B-00C04F79EFBC}") = "mainapp", "mainapp.csproj", "{AB9CEE46-A4A1-46F4-BEFB-9C767B26EB4B}"
EndProject
Global
	GlobalSection(SolutionConfigurationPlatforms) = preSolution
		Debug|Any CPU = Debug|Any CPU
		Release|Any CPU = Release|Any CPU
	EndGlobalSection
	GlobalSection(ProjectConfigurationPlatforms) = postSolution
		{AB9CEE46-A4A1-46F4-BEFB-9C767B26EB4B}.Debug|Any CPU.ActiveCfg = Debug|Any CPU
		{AB9CEE46-A4A1-46F4-BEFB-9C767B26EB4B}.Debug|Any CPU.Build.0 = Debug|Any CPU
		{AB9CEE46-A4A1-46F4-BEFB-9C767B26EB4B}.Release|Any CPU.ActiveCfg = Release|Any CPU
		{AB9CEE46-A4A1-46F4-BEFB-9C767B26EB4B}.Release|Any CPU.Build.0 = Release|Any CPU
	EndGlobalSection
	GlobalSection(SolutionProperties) = preSolution
		HideSolutionNode = FALSE
	EndGlobalSection
	GlobalSection(ExtensibilityGlobals) = postSolution
		SolutionGuid = {DAE2370A-36C5-4741-8A9B-D918B22FDD49}
	EndGlobalSection
EndGlobal
